
Microsoft Visual Studio Solution File, Format Version 12.00
# Visual Studio 15
Project("{FAE04EC0-301F-11D3-BF4B-00C04F79EFBC}") = "Assembly-CSharp", "Assembly-CSharp.csproj", "{FB112415-DF37-FFF0-193C-C41C1F943A0D}"
EndProject
Project("{FAE04EC0-301F-11D3-BF4B-00C04F79EFBC}") = "Assembly-CSharp-Editor", "Assembly-CSharp-Editor.csproj", "{3D4B0869-A767-190A-B714-BB6DF644612D}"
EndProject
Project("{FAE04EC0-301F-11D3-BF4B-00C04F79EFBC}") = "OtoonEditor", "OtoonEditor.csproj", "{AE6211E2-29FB-083C-9652-901D4F945876}"
EndProject
Project("{FAE04EC0-301F-11D3-BF4B-00C04F79EFBC}") = "CFXRRuntime", "CFXRRuntime.csproj", "{C305236D-385E-8F2F-0987-CA53C0B3AE7F}"
EndProject
Project("{FAE04EC0-301F-11D3-BF4B-00C04F79EFBC}") = "CFXREditor", "CFXREditor.csproj", "{4BBDB5E6-1AE8-E2F4-0AFC-F28F9155FC60}"
EndProject
Project("{FAE04EC0-301F-11D3-BF4B-00C04F79EFBC}") = "OtoonShader", "OtoonShader.csproj", "{A7877583-17AB-0A6B-5FBF-BD4793F3F5F3}"
EndProject
Global
	GlobalSection(SolutionConfigurationPlatforms) = preSolution
		Debug|Any CPU = Debug|Any CPU
		Release|Any CPU = Release|Any CPU
	EndGlobalSection
	GlobalSection(ProjectConfigurationPlatforms) = postSolution
		{FB112415-DF37-FFF0-193C-C41C1F943A0D}.Debug|Any CPU.ActiveCfg = Debug|Any CPU
		{FB112415-DF37-FFF0-193C-C41C1F943A0D}.Debug|Any CPU.Build.0 = Debug|Any CPU
		{FB112415-DF37-FFF0-193C-C41C1F943A0D}.Release|Any CPU.ActiveCfg = Release|Any CPU
		{FB112415-DF37-FFF0-193C-C41C1F943A0D}.Release|Any CPU.Build.0 = Release|Any CPU
		{3D4B0869-A767-190A-B714-BB6DF644612D}.Debug|Any CPU.ActiveCfg = Debug|Any CPU
		{3D4B0869-A767-190A-B714-BB6DF644612D}.Debug|Any CPU.Build.0 = Debug|Any CPU
		{3D4B0869-A767-190A-B714-BB6DF644612D}.Release|Any CPU.ActiveCfg = Release|Any CPU
		{3D4B0869-A767-190A-B714-BB6DF644612D}.Release|Any CPU.Build.0 = Release|Any CPU
		{AE6211E2-29FB-083C-9652-901D4F945876}.Debug|Any CPU.ActiveCfg = Debug|Any CPU
		{AE6211E2-29FB-083C-9652-901D4F945876}.Debug|Any CPU.Build.0 = Debug|Any CPU
		{AE6211E2-29FB-083C-9652-901D4F945876}.Release|Any CPU.ActiveCfg = Release|Any CPU
		{AE6211E2-29FB-083C-9652-901D4F945876}.Release|Any CPU.Build.0 = Release|Any CPU
		{C305236D-385E-8F2F-0987-CA53C0B3AE7F}.Debug|Any CPU.ActiveCfg = Debug|Any CPU
		{C305236D-385E-8F2F-0987-CA53C0B3AE7F}.Debug|Any CPU.Build.0 = Debug|Any CPU
		{C305236D-385E-8F2F-0987-CA53C0B3AE7F}.Release|Any CPU.ActiveCfg = Release|Any CPU
		{C305236D-385E-8F2F-0987-CA53C0B3AE7F}.Release|Any CPU.Build.0 = Release|Any CPU
		{4BBDB5E6-1AE8-E2F4-0AFC-F28F9155FC60}.Debug|Any CPU.ActiveCfg = Debug|Any CPU
		{4BBDB5E6-1AE8-E2F4-0AFC-F28F9155FC60}.Debug|Any CPU.Build.0 = Debug|Any CPU
		{4BBDB5E6-1AE8-E2F4-0AFC-F28F9155FC60}.Release|Any CPU.ActiveCfg = Release|Any CPU
		{4BBDB5E6-1AE8-E2F4-0AFC-F28F9155FC60}.Release|Any CPU.Build.0 = Release|Any CPU
		{A7877583-17AB-0A6B-5FBF-BD4793F3F5F3}.Debug|Any CPU.ActiveCfg = Debug|Any CPU
		{A7877583-17AB-0A6B-5FBF-BD4793F3F5F3}.Debug|Any CPU.Build.0 = Debug|Any CPU
		{A7877583-17AB-0A6B-5FBF-BD4793F3F5F3}.Release|Any CPU.ActiveCfg = Release|Any CPU
		{A7877583-17AB-0A6B-5FBF-BD4793F3F5F3}.Release|Any CPU.Build.0 = Release|Any CPU
	EndGlobalSection
	GlobalSection(SolutionProperties) = preSolution
		HideSolutionNode = FALSE
	EndGlobalSection
EndGlobal
