
Microsoft Visual Studio Solution File, Format Version 12.00
# Visual Studio 15
Project("{FAE04EC0-301F-11D3-BF4B-00C04F79EFBC}") = "Assembly-CSharp", "Assembly-CSharp.csproj", "{62873BB6-A352-5450-430A-56E3FCEBDD74}"
EndProject
Project("{FAE04EC0-301F-11D3-BF4B-00C04F79EFBC}") = "Assembly-CSharp-Editor", "Assembly-CSharp-Editor.csproj", "{FBDA7D0D-9E20-63BB-F6C3-1B3147711886}"
EndProject
Project("{FAE04EC0-301F-11D3-BF4B-00C04F79EFBC}") = "OtoonEditor", "OtoonEditor.csproj", "{D511647F-1CA8-193F-9CBD-90CBAE574051}"
EndProject
Project("{FAE04EC0-301F-11D3-BF4B-00C04F79EFBC}") = "CFXRRuntime", "CFXRRuntime.csproj", "{D42F834F-A0BC-A34F-DFF8-D4EC9F011CCA}"
EndProject
Project("{FAE04EC0-301F-11D3-BF4B-00C04F79EFBC}") = "CFXREditor", "CFXREditor.csproj", "{1B0707B4-9D1A-1938-17F8-0E589807B1AE}"
EndProject
Project("{FAE04EC0-301F-11D3-BF4B-00C04F79EFBC}") = "OtoonShader", "OtoonShader.csproj", "{849652BB-5EDE-947F-A14A-88489B8597C3}"
EndProject
Global
	GlobalSection(SolutionConfigurationPlatforms) = preSolution
		Debug|Any CPU = Debug|Any CPU
		Release|Any CPU = Release|Any CPU
	EndGlobalSection
	GlobalSection(ProjectConfigurationPlatforms) = postSolution
		{62873BB6-A352-5450-430A-56E3FCEBDD74}.Debug|Any CPU.ActiveCfg = Debug|Any CPU
		{62873BB6-A352-5450-430A-56E3FCEBDD74}.Debug|Any CPU.Build.0 = Debug|Any CPU
		{62873BB6-A352-5450-430A-56E3FCEBDD74}.Release|Any CPU.ActiveCfg = Release|Any CPU
		{62873BB6-A352-5450-430A-56E3FCEBDD74}.Release|Any CPU.Build.0 = Release|Any CPU
		{FBDA7D0D-9E20-63BB-F6C3-1B3147711886}.Debug|Any CPU.ActiveCfg = Debug|Any CPU
		{FBDA7D0D-9E20-63BB-F6C3-1B3147711886}.Debug|Any CPU.Build.0 = Debug|Any CPU
		{FBDA7D0D-9E20-63BB-F6C3-1B3147711886}.Release|Any CPU.ActiveCfg = Release|Any CPU
		{FBDA7D0D-9E20-63BB-F6C3-1B3147711886}.Release|Any CPU.Build.0 = Release|Any CPU
		{D511647F-1CA8-193F-9CBD-90CBAE574051}.Debug|Any CPU.ActiveCfg = Debug|Any CPU
		{D511647F-1CA8-193F-9CBD-90CBAE574051}.Debug|Any CPU.Build.0 = Debug|Any CPU
		{D511647F-1CA8-193F-9CBD-90CBAE574051}.Release|Any CPU.ActiveCfg = Release|Any CPU
		{D511647F-1CA8-193F-9CBD-90CBAE574051}.Release|Any CPU.Build.0 = Release|Any CPU
		{D42F834F-A0BC-A34F-DFF8-D4EC9F011CCA}.Debug|Any CPU.ActiveCfg = Debug|Any CPU
		{D42F834F-A0BC-A34F-DFF8-D4EC9F011CCA}.Debug|Any CPU.Build.0 = Debug|Any CPU
		{D42F834F-A0BC-A34F-DFF8-D4EC9F011CCA}.Release|Any CPU.ActiveCfg = Release|Any CPU
		{D42F834F-A0BC-A34F-DFF8-D4EC9F011CCA}.Release|Any CPU.Build.0 = Release|Any CPU
		{1B0707B4-9D1A-1938-17F8-0E589807B1AE}.Debug|Any CPU.ActiveCfg = Debug|Any CPU
		{1B0707B4-9D1A-1938-17F8-0E589807B1AE}.Debug|Any CPU.Build.0 = Debug|Any CPU
		{1B0707B4-9D1A-1938-17F8-0E589807B1AE}.Release|Any CPU.ActiveCfg = Release|Any CPU
		{1B0707B4-9D1A-1938-17F8-0E589807B1AE}.Release|Any CPU.Build.0 = Release|Any CPU
		{849652BB-5EDE-947F-A14A-88489B8597C3}.Debug|Any CPU.ActiveCfg = Debug|Any CPU
		{849652BB-5EDE-947F-A14A-88489B8597C3}.Debug|Any CPU.Build.0 = Debug|Any CPU
		{849652BB-5EDE-947F-A14A-88489B8597C3}.Release|Any CPU.ActiveCfg = Release|Any CPU
		{849652BB-5EDE-947F-A14A-88489B8597C3}.Release|Any CPU.Build.0 = Release|Any CPU
	EndGlobalSection
	GlobalSection(SolutionProperties) = preSolution
		HideSolutionNode = FALSE
	EndGlobalSection
EndGlobal
